
Microsoft Visual Studio Solution File, Format Version 12.00
# Visual Studio 15
VisualStudioVersion = 15.0.28307.271
MinimumVisualStudioVersion = 10.0.40219.1
Project("{FAE04EC0-301F-11D3-BF4B-00C04F79EFBC}") = "AspNetCoreVideo", "AspNetCoreVideo\AspNetCoreVideo.csproj", "{A88D396B-6FE5-466A-B63A-3CE19EC856A2}"
EndProject
Global
	GlobalSection(SolutionConfigurationPlatforms) = preSolution
		Debug|Any CPU = Debug|Any CPU
		Release|Any CPU = Release|Any CPU
	EndGlobalSection
	GlobalSection(ProjectConfigurationPlatforms) = postSolution
		{A88D396B-6FE5-466A-B63A-3CE19EC856A2}.Debug|Any CPU.ActiveCfg = Debug|Any CPU
		{A88D396B-6FE5-466A-B63A-3CE19EC856A2}.Debug|Any CPU.Build.0 = Debug|Any CPU
		{A88D396B-6FE5-466A-B63A-3CE19EC856A2}.Release|Any CPU.ActiveCfg = Release|Any CPU
		{A88D396B-6FE5-466A-B63A-3CE19EC856A2}.Release|Any CPU.Build.0 = Release|Any CPU
	EndGlobalSection
	GlobalSection(SolutionProperties) = preSolution
		HideSolutionNode = FALSE
	EndGlobalSection
	GlobalSection(ExtensibilityGlobals) = postSolution
		SolutionGuid = {5B436E29-3A3C-416C-9FC7-5988D3145B55}
	EndGlobalSection
EndGlobal
